
Microsoft Visual Studio Solution File, Format Version 12.00
# Visual Studio Version 17
VisualStudioVersion = 17.8.34525.116
MinimumVisualStudioVersion = 10.0.40219.1
Project("{FAE04EC0-301F-11D3-BF4B-00C04F79EFBC}") = "SistemaInventario", "Sistema de Inventario\SistemaInventario.csproj", "{AB1FE062-6823-40D8-91ED-42C06646DDF4}"
EndProject
Global
	GlobalSection(SolutionConfigurationPlatforms) = preSolution
		Debug|Any CPU = Debug|Any CPU
		Release|Any CPU = Release|Any CPU
	EndGlobalSection
	GlobalSection(ProjectConfigurationPlatforms) = postSolution
		{AB1FE062-6823-40D8-91ED-42C06646DDF4}.Debug|Any CPU.ActiveCfg = Debug|Any CPU
		{AB1FE062-6823-40D8-91ED-42C06646DDF4}.Debug|Any CPU.Build.0 = Debug|Any CPU
		{AB1FE062-6823-40D8-91ED-42C06646DDF4}.Release|Any CPU.ActiveCfg = Release|Any CPU
		{AB1FE062-6823-40D8-91ED-42C06646DDF4}.Release|Any CPU.Build.0 = Release|Any CPU
	EndGlobalSection
	GlobalSection(SolutionProperties) = preSolution
		HideSolutionNode = FALSE
	EndGlobalSection
	GlobalSection(ExtensibilityGlobals) = postSolution
		SolutionGuid = {EF988BED-6AA6-4651-BF66-5FF3FE6AFEFD}
	EndGlobalSection
EndGlobal
